
Microsoft Visual Studio Solution File, Format Version 12.00
# Visual Studio 2013
VisualStudioVersion = 12.0.30110.0
MinimumVisualStudioVersion = 10.0.40219.1
Project("{FAE04EC0-301F-11D3-BF4B-00C04F79EFBC}") = "KSInterface", "KSInterface\KSInterface.csproj", "{67DF4D21-887F-4E2E-9526-F339D6C9624A}"
	ProjectSection(ProjectDependencies) = postProject
		{52D9A49C-99D1-4BD2-9B44-D99785E6C947} = {52D9A49C-99D1-4BD2-9B44-D99785E6C947}
	EndProjectSection
EndProject
Project("{8BC9CEB8-8B4A-11D0-8D11-00A0C91BC942}") = "KSDll", "KSDll\KSDll.vcxproj", "{52D9A49C-99D1-4BD2-9B44-D99785E6C947}"
EndProject
Project("{FAE04EC0-301F-11D3-BF4B-00C04F79EFBC}") = "ImageComperator", "ImageComperator\ImageComperator.csproj", "{FAB4A9A1-DCBF-4E41-A56C-B8C8F1161359}"
EndProject
Global
	GlobalSection(SolutionConfigurationPlatforms) = preSolution
		Debug|Any CPU = Debug|Any CPU
		Debug|Mixed Platforms = Debug|Mixed Platforms
		Debug|Win32 = Debug|Win32
		Release|Any CPU = Release|Any CPU
		Release|Mixed Platforms = Release|Mixed Platforms
		Release|Win32 = Release|Win32
	EndGlobalSection
	GlobalSection(ProjectConfigurationPlatforms) = postSolution
		{67DF4D21-887F-4E2E-9526-F339D6C9624A}.Debug|Any CPU.ActiveCfg = Debug|Any CPU
		{67DF4D21-887F-4E2E-9526-F339D6C9624A}.Debug|Any CPU.Build.0 = Debug|Any CPU
		{67DF4D21-887F-4E2E-9526-F339D6C9624A}.Debug|Mixed Platforms.ActiveCfg = Debug|Any CPU
		{67DF4D21-887F-4E2E-9526-F339D6C9624A}.Debug|Mixed Platforms.Build.0 = Debug|Any CPU
		{67DF4D21-887F-4E2E-9526-F339D6C9624A}.Debug|Mixed Platforms.Deploy.0 = Debug|Any CPU
		{67DF4D21-887F-4E2E-9526-F339D6C9624A}.Debug|Win32.ActiveCfg = Debug|Any CPU
		{67DF4D21-887F-4E2E-9526-F339D6C9624A}.Release|Any CPU.ActiveCfg = Release|Any CPU
		{67DF4D21-887F-4E2E-9526-F339D6C9624A}.Release|Any CPU.Build.0 = Release|Any CPU
		{67DF4D21-887F-4E2E-9526-F339D6C9624A}.Release|Mixed Platforms.ActiveCfg = Release|Any CPU
		{67DF4D21-887F-4E2E-9526-F339D6C9624A}.Release|Mixed Platforms.Build.0 = Release|Any CPU
		{67DF4D21-887F-4E2E-9526-F339D6C9624A}.Release|Win32.ActiveCfg = Release|Any CPU
		{52D9A49C-99D1-4BD2-9B44-D99785E6C947}.Debug|Any CPU.ActiveCfg = Debug|Win32
		{52D9A49C-99D1-4BD2-9B44-D99785E6C947}.Debug|Mixed Platforms.ActiveCfg = Debug|Win32
		{52D9A49C-99D1-4BD2-9B44-D99785E6C947}.Debug|Mixed Platforms.Build.0 = Debug|Win32
		{52D9A49C-99D1-4BD2-9B44-D99785E6C947}.Debug|Win32.ActiveCfg = Debug|Win32
		{52D9A49C-99D1-4BD2-9B44-D99785E6C947}.Debug|Win32.Build.0 = Debug|Win32
		{52D9A49C-99D1-4BD2-9B44-D99785E6C947}.Release|Any CPU.ActiveCfg = Release|Win32
		{52D9A49C-99D1-4BD2-9B44-D99785E6C947}.Release|Mixed Platforms.ActiveCfg = Release|Win32
		{52D9A49C-99D1-4BD2-9B44-D99785E6C947}.Release|Mixed Platforms.Build.0 = Release|Win32
		{52D9A49C-99D1-4BD2-9B44-D99785E6C947}.Release|Win32.ActiveCfg = Release|Win32
		{52D9A49C-99D1-4BD2-9B44-D99785E6C947}.Release|Win32.Build.0 = Release|Win32
		{FAB4A9A1-DCBF-4E41-A56C-B8C8F1161359}.Debug|Any CPU.ActiveCfg = Debug|Any CPU
		{FAB4A9A1-DCBF-4E41-A56C-B8C8F1161359}.Debug|Any CPU.Build.0 = Debug|Any CPU
		{FAB4A9A1-DCBF-4E41-A56C-B8C8F1161359}.Debug|Mixed Platforms.ActiveCfg = Debug|Any CPU
		{FAB4A9A1-DCBF-4E41-A56C-B8C8F1161359}.Debug|Mixed Platforms.Build.0 = Debug|Any CPU
		{FAB4A9A1-DCBF-4E41-A56C-B8C8F1161359}.Debug|Win32.ActiveCfg = Debug|Any CPU
		{FAB4A9A1-DCBF-4E41-A56C-B8C8F1161359}.Release|Any CPU.ActiveCfg = Release|Any CPU
		{FAB4A9A1-DCBF-4E41-A56C-B8C8F1161359}.Release|Any CPU.Build.0 = Release|Any CPU
		{FAB4A9A1-DCBF-4E41-A56C-B8C8F1161359}.Release|Mixed Platforms.ActiveCfg = Release|Any CPU
		{FAB4A9A1-DCBF-4E41-A56C-B8C8F1161359}.Release|Mixed Platforms.Build.0 = Release|Any CPU
		{FAB4A9A1-DCBF-4E41-A56C-B8C8F1161359}.Release|Win32.ActiveCfg = Release|Any CPU
	EndGlobalSection
	GlobalSection(SolutionProperties) = preSolution
		HideSolutionNode = FALSE
	EndGlobalSection
EndGlobal
